
Microsoft Visual Studio Solution File, Format Version 12.00
# Visual Studio Version 17
VisualStudioVersion = 17.0.31410.414
MinimumVisualStudioVersion = 10.0.40219.1
Project("{2150E333-8FDC-42A3-9474-1A3956D46DE8}") = "Solution Items", "Solution Items", "{ECCDFD7A-ADBB-4D43-85C5-D2CE4DE763C6}"
	ProjectSection(SolutionItems) = preProject
		ReadMe.md = ReadMe.md
	EndProjectSection
EndProject
Project("{2150E333-8FDC-42A3-9474-1A3956D46DE8}") = "test", "test", "{7FCA58DD-C4A4-48CA-87C8-C07AD8478528}"
EndProject
Project("{2150E333-8FDC-42A3-9474-1A3956D46DE8}") = "src", "src", "{92F986F6-6A46-4573-99FC-0FC8F8F031BC}"
EndProject
Project("{9A19103F-16F7-4668-BE54-9A1E7A4F7556}") = "RDLinker.Test.Data", "test\RDLinker.Test.Data\RDLinker.Test.Data.csproj", "{26C7E50E-415A-456B-AE97-B642EAD9EC58}"
EndProject
Project("{9A19103F-16F7-4668-BE54-9A1E7A4F7556}") = "RDLinker.Data", "src\RDLinker.Data\RDLinker.Data.csproj", "{FB2124BE-0ABA-4A49-AB1E-2E4B3754778F}"
EndProject
Project("{9A19103F-16F7-4668-BE54-9A1E7A4F7556}") = "RDLinker.Data.Dapper", "src\RDLinker.Data.Dapper\RDLinker.Data.Dapper.csproj", "{76AFD593-49ED-40F5-900D-CAFCC5C539C3}"
EndProject
Project("{9A19103F-16F7-4668-BE54-9A1E7A4F7556}") = "RDLinker.Entity", "src\RDLinker.Entity\RDLinker.Entity.csproj", "{048B0513-4C84-444C-A684-2C144568F333}"
EndProject
Project("{9A19103F-16F7-4668-BE54-9A1E7A4F7556}") = "RDLinker.Log", "src\RDLinker.Log\RDLinker.Log.csproj", "{0DD01A4C-49E9-4516-BF9F-8CC65B64641A}"
EndProject
Project("{9A19103F-16F7-4668-BE54-9A1E7A4F7556}") = "RDLinker.Test.Web", "test\RDLinker.Test.Web\RDLinker.Test.Web.csproj", "{9456C8DD-9748-44AB-9B34-1C8DDA1A4E47}"
EndProject
Project("{9A19103F-16F7-4668-BE54-9A1E7A4F7556}") = "RDLinker.Test.Log", "test\RDLinker.Test.Log\RDLinker.Test.Log.csproj", "{E56D5B29-5485-4459-94F2-9382E043DADB}"
EndProject
Global
	GlobalSection(SolutionConfigurationPlatforms) = preSolution
		CrossPlatform|Any CPU = CrossPlatform|Any CPU
		Debug|Any CPU = Debug|Any CPU
		Release|Any CPU = Release|Any CPU
	EndGlobalSection
	GlobalSection(ProjectConfigurationPlatforms) = postSolution
		{26C7E50E-415A-456B-AE97-B642EAD9EC58}.CrossPlatform|Any CPU.ActiveCfg = Release|Any CPU
		{26C7E50E-415A-456B-AE97-B642EAD9EC58}.CrossPlatform|Any CPU.Build.0 = Release|Any CPU
		{26C7E50E-415A-456B-AE97-B642EAD9EC58}.Debug|Any CPU.ActiveCfg = Debug|Any CPU
		{26C7E50E-415A-456B-AE97-B642EAD9EC58}.Debug|Any CPU.Build.0 = Debug|Any CPU
		{26C7E50E-415A-456B-AE97-B642EAD9EC58}.Release|Any CPU.ActiveCfg = Release|Any CPU
		{26C7E50E-415A-456B-AE97-B642EAD9EC58}.Release|Any CPU.Build.0 = Release|Any CPU
		{FB2124BE-0ABA-4A49-AB1E-2E4B3754778F}.CrossPlatform|Any CPU.ActiveCfg = Release|Any CPU
		{FB2124BE-0ABA-4A49-AB1E-2E4B3754778F}.CrossPlatform|Any CPU.Build.0 = Release|Any CPU
		{FB2124BE-0ABA-4A49-AB1E-2E4B3754778F}.Debug|Any CPU.ActiveCfg = Debug|Any CPU
		{FB2124BE-0ABA-4A49-AB1E-2E4B3754778F}.Debug|Any CPU.Build.0 = Debug|Any CPU
		{FB2124BE-0ABA-4A49-AB1E-2E4B3754778F}.Release|Any CPU.ActiveCfg = Release|Any CPU
		{FB2124BE-0ABA-4A49-AB1E-2E4B3754778F}.Release|Any CPU.Build.0 = Release|Any CPU
		{76AFD593-49ED-40F5-900D-CAFCC5C539C3}.CrossPlatform|Any CPU.ActiveCfg = Release|Any CPU
		{76AFD593-49ED-40F5-900D-CAFCC5C539C3}.CrossPlatform|Any CPU.Build.0 = Release|Any CPU
		{76AFD593-49ED-40F5-900D-CAFCC5C539C3}.Debug|Any CPU.ActiveCfg = Debug|Any CPU
		{76AFD593-49ED-40F5-900D-CAFCC5C539C3}.Debug|Any CPU.Build.0 = Debug|Any CPU
		{76AFD593-49ED-40F5-900D-CAFCC5C539C3}.Release|Any CPU.ActiveCfg = Release|Any CPU
		{76AFD593-49ED-40F5-900D-CAFCC5C539C3}.Release|Any CPU.Build.0 = Release|Any CPU
		{048B0513-4C84-444C-A684-2C144568F333}.CrossPlatform|Any CPU.ActiveCfg = Release|Any CPU
		{048B0513-4C84-444C-A684-2C144568F333}.CrossPlatform|Any CPU.Build.0 = Release|Any CPU
		{048B0513-4C84-444C-A684-2C144568F333}.Debug|Any CPU.ActiveCfg = Debug|Any CPU
		{048B0513-4C84-444C-A684-2C144568F333}.Debug|Any CPU.Build.0 = Debug|Any CPU
		{048B0513-4C84-444C-A684-2C144568F333}.Release|Any CPU.ActiveCfg = Release|Any CPU
		{048B0513-4C84-444C-A684-2C144568F333}.Release|Any CPU.Build.0 = Release|Any CPU
		{0DD01A4C-49E9-4516-BF9F-8CC65B64641A}.CrossPlatform|Any CPU.ActiveCfg = Release|Any CPU
		{0DD01A4C-49E9-4516-BF9F-8CC65B64641A}.CrossPlatform|Any CPU.Build.0 = Release|Any CPU
		{0DD01A4C-49E9-4516-BF9F-8CC65B64641A}.Debug|Any CPU.ActiveCfg = Debug|Any CPU
		{0DD01A4C-49E9-4516-BF9F-8CC65B64641A}.Debug|Any CPU.Build.0 = Debug|Any CPU
		{0DD01A4C-49E9-4516-BF9F-8CC65B64641A}.Release|Any CPU.ActiveCfg = Release|Any CPU
		{0DD01A4C-49E9-4516-BF9F-8CC65B64641A}.Release|Any CPU.Build.0 = Release|Any CPU
		{9456C8DD-9748-44AB-9B34-1C8DDA1A4E47}.CrossPlatform|Any CPU.ActiveCfg = Release|Any CPU
		{9456C8DD-9748-44AB-9B34-1C8DDA1A4E47}.CrossPlatform|Any CPU.Build.0 = Release|Any CPU
		{9456C8DD-9748-44AB-9B34-1C8DDA1A4E47}.Debug|Any CPU.ActiveCfg = Debug|Any CPU
		{9456C8DD-9748-44AB-9B34-1C8DDA1A4E47}.Debug|Any CPU.Build.0 = Debug|Any CPU
		{9456C8DD-9748-44AB-9B34-1C8DDA1A4E47}.Release|Any CPU.ActiveCfg = Release|Any CPU
		{9456C8DD-9748-44AB-9B34-1C8DDA1A4E47}.Release|Any CPU.Build.0 = Release|Any CPU
		{E56D5B29-5485-4459-94F2-9382E043DADB}.CrossPlatform|Any CPU.ActiveCfg = Release|Any CPU
		{E56D5B29-5485-4459-94F2-9382E043DADB}.CrossPlatform|Any CPU.Build.0 = Release|Any CPU
		{E56D5B29-5485-4459-94F2-9382E043DADB}.Debug|Any CPU.ActiveCfg = Debug|Any CPU
		{E56D5B29-5485-4459-94F2-9382E043DADB}.Debug|Any CPU.Build.0 = Debug|Any CPU
		{E56D5B29-5485-4459-94F2-9382E043DADB}.Release|Any CPU.ActiveCfg = Release|Any CPU
		{E56D5B29-5485-4459-94F2-9382E043DADB}.Release|Any CPU.Build.0 = Release|Any CPU
	EndGlobalSection
	GlobalSection(SolutionProperties) = preSolution
		HideSolutionNode = FALSE
	EndGlobalSection
	GlobalSection(NestedProjects) = preSolution
		{26C7E50E-415A-456B-AE97-B642EAD9EC58} = {7FCA58DD-C4A4-48CA-87C8-C07AD8478528}
		{FB2124BE-0ABA-4A49-AB1E-2E4B3754778F} = {92F986F6-6A46-4573-99FC-0FC8F8F031BC}
		{76AFD593-49ED-40F5-900D-CAFCC5C539C3} = {92F986F6-6A46-4573-99FC-0FC8F8F031BC}
		{048B0513-4C84-444C-A684-2C144568F333} = {92F986F6-6A46-4573-99FC-0FC8F8F031BC}
		{0DD01A4C-49E9-4516-BF9F-8CC65B64641A} = {92F986F6-6A46-4573-99FC-0FC8F8F031BC}
		{9456C8DD-9748-44AB-9B34-1C8DDA1A4E47} = {7FCA58DD-C4A4-48CA-87C8-C07AD8478528}
		{E56D5B29-5485-4459-94F2-9382E043DADB} = {7FCA58DD-C4A4-48CA-87C8-C07AD8478528}
	EndGlobalSection
	GlobalSection(ExtensibilityGlobals) = postSolution
		SolutionGuid = {3877B273-BF10-4451-880E-41192D96426F}
	EndGlobalSection
EndGlobal
