
Microsoft Visual Studio Solution File, Format Version 12.00
# Visual Studio Version 17
VisualStudioVersion = 17.0.31410.414
MinimumVisualStudioVersion = 10.0.40219.1
Project("{2150E333-8FDC-42A3-9474-1A3956D46DE8}") = "Solution Items", "Solution Items", "{ECCDFD7A-ADBB-4D43-85C5-D2CE4DE763C6}"
	ProjectSection(SolutionItems) = preProject
		ReadMe.md = ReadMe.md
	EndProjectSection
EndProject
Project("{2150E333-8FDC-42A3-9474-1A3956D46DE8}") = "test", "test", "{7FCA58DD-C4A4-48CA-87C8-C07AD8478528}"
EndProject
Project("{2150E333-8FDC-42A3-9474-1A3956D46DE8}") = "src", "src", "{92F986F6-6A46-4573-99FC-0FC8F8F031BC}"
EndProject
Project("{9A19103F-16F7-4668-BE54-9A1E7A4F7556}") = "RDLinker.Test.Data", "test\RDLinker.Test.Data\RDLinker.Test.Data.csproj", "{26C7E50E-415A-456B-AE97-B642EAD9EC58}"
EndProject
Project("{9A19103F-16F7-4668-BE54-9A1E7A4F7556}") = "RDLinker.Test.Web", "test\RDLinker.Test.Web\RDLinker.Test.Web.csproj", "{9456C8DD-9748-44AB-9B34-1C8DDA1A4E47}"
EndProject
Project("{9A19103F-16F7-4668-BE54-9A1E7A4F7556}") = "RDLinker.Test.Logging", "test\RDLinker.Test.Logging\RDLinker.Test.Logging.csproj", "{E56D5B29-5485-4459-94F2-9382E043DADB}"
EndProject
Project("{2150E333-8FDC-42A3-9474-1A3956D46DE8}") = "core", "core", "{18A4192F-FE36-4881-AE23-613B4BDF64E5}"
EndProject
Project("{2150E333-8FDC-42A3-9474-1A3956D46DE8}") = "net", "net", "{F472F820-2A9C-4FFC-9DD2-A559744B57BB}"
EndProject
Project("{9A19103F-16F7-4668-BE54-9A1E7A4F7556}") = "RDLinker.Data", "src\core\RDLinker.Data\RDLinker.Data.csproj", "{256D54EC-5A97-43B2-A8E1-07D5932B8566}"
EndProject
Project("{9A19103F-16F7-4668-BE54-9A1E7A4F7556}") = "RDLinker.Data.Dapper", "src\core\RDLinker.Data.Dapper\RDLinker.Data.Dapper.csproj", "{DE6F87ED-389C-4592-9D0B-EF4D329AD3A7}"
EndProject
Project("{9A19103F-16F7-4668-BE54-9A1E7A4F7556}") = "RDLinker.Entity", "src\core\RDLinker.Entity\RDLinker.Entity.csproj", "{A657ACC0-67CC-415E-BD57-E4CFD19E2332}"
EndProject
Project("{9A19103F-16F7-4668-BE54-9A1E7A4F7556}") = "RDLinker.Logging", "src\core\RDLinker.Logging\RDLinker.Logging.csproj", "{882737FC-7697-4A4C-AAC3-4C76A298B670}"
EndProject
Project("{9A19103F-16F7-4668-BE54-9A1E7A4F7556}") = "RDLinker.Utils", "src\core\RDLinker.Utils\RDLinker.Utils.csproj", "{9FB6B4BA-561E-4BD3-8EB3-342AE353A76D}"
EndProject
Global
	GlobalSection(SolutionConfigurationPlatforms) = preSolution
		CrossPlatform|Any CPU = CrossPlatform|Any CPU
		Debug|Any CPU = Debug|Any CPU
		Release|Any CPU = Release|Any CPU
	EndGlobalSection
	GlobalSection(ProjectConfigurationPlatforms) = postSolution
		{26C7E50E-415A-456B-AE97-B642EAD9EC58}.CrossPlatform|Any CPU.ActiveCfg = Release|Any CPU
		{26C7E50E-415A-456B-AE97-B642EAD9EC58}.CrossPlatform|Any CPU.Build.0 = Release|Any CPU
		{26C7E50E-415A-456B-AE97-B642EAD9EC58}.Debug|Any CPU.ActiveCfg = Debug|Any CPU
		{26C7E50E-415A-456B-AE97-B642EAD9EC58}.Debug|Any CPU.Build.0 = Debug|Any CPU
		{26C7E50E-415A-456B-AE97-B642EAD9EC58}.Release|Any CPU.ActiveCfg = Release|Any CPU
		{26C7E50E-415A-456B-AE97-B642EAD9EC58}.Release|Any CPU.Build.0 = Release|Any CPU
		{9456C8DD-9748-44AB-9B34-1C8DDA1A4E47}.CrossPlatform|Any CPU.ActiveCfg = Release|Any CPU
		{9456C8DD-9748-44AB-9B34-1C8DDA1A4E47}.CrossPlatform|Any CPU.Build.0 = Release|Any CPU
		{9456C8DD-9748-44AB-9B34-1C8DDA1A4E47}.Debug|Any CPU.ActiveCfg = Debug|Any CPU
		{9456C8DD-9748-44AB-9B34-1C8DDA1A4E47}.Debug|Any CPU.Build.0 = Debug|Any CPU
		{9456C8DD-9748-44AB-9B34-1C8DDA1A4E47}.Release|Any CPU.ActiveCfg = Release|Any CPU
		{9456C8DD-9748-44AB-9B34-1C8DDA1A4E47}.Release|Any CPU.Build.0 = Release|Any CPU
		{E56D5B29-5485-4459-94F2-9382E043DADB}.CrossPlatform|Any CPU.ActiveCfg = Release|Any CPU
		{E56D5B29-5485-4459-94F2-9382E043DADB}.CrossPlatform|Any CPU.Build.0 = Release|Any CPU
		{E56D5B29-5485-4459-94F2-9382E043DADB}.Debug|Any CPU.ActiveCfg = Debug|Any CPU
		{E56D5B29-5485-4459-94F2-9382E043DADB}.Debug|Any CPU.Build.0 = Debug|Any CPU
		{E56D5B29-5485-4459-94F2-9382E043DADB}.Release|Any CPU.ActiveCfg = Release|Any CPU
		{E56D5B29-5485-4459-94F2-9382E043DADB}.Release|Any CPU.Build.0 = Release|Any CPU
		{256D54EC-5A97-43B2-A8E1-07D5932B8566}.CrossPlatform|Any CPU.ActiveCfg = Debug|Any CPU
		{256D54EC-5A97-43B2-A8E1-07D5932B8566}.CrossPlatform|Any CPU.Build.0 = Debug|Any CPU
		{256D54EC-5A97-43B2-A8E1-07D5932B8566}.Debug|Any CPU.ActiveCfg = Debug|Any CPU
		{256D54EC-5A97-43B2-A8E1-07D5932B8566}.Debug|Any CPU.Build.0 = Debug|Any CPU
		{256D54EC-5A97-43B2-A8E1-07D5932B8566}.Release|Any CPU.ActiveCfg = Release|Any CPU
		{256D54EC-5A97-43B2-A8E1-07D5932B8566}.Release|Any CPU.Build.0 = Release|Any CPU
		{DE6F87ED-389C-4592-9D0B-EF4D329AD3A7}.CrossPlatform|Any CPU.ActiveCfg = Debug|Any CPU
		{DE6F87ED-389C-4592-9D0B-EF4D329AD3A7}.CrossPlatform|Any CPU.Build.0 = Debug|Any CPU
		{DE6F87ED-389C-4592-9D0B-EF4D329AD3A7}.Debug|Any CPU.ActiveCfg = Debug|Any CPU
		{DE6F87ED-389C-4592-9D0B-EF4D329AD3A7}.Debug|Any CPU.Build.0 = Debug|Any CPU
		{DE6F87ED-389C-4592-9D0B-EF4D329AD3A7}.Release|Any CPU.ActiveCfg = Release|Any CPU
		{DE6F87ED-389C-4592-9D0B-EF4D329AD3A7}.Release|Any CPU.Build.0 = Release|Any CPU
		{A657ACC0-67CC-415E-BD57-E4CFD19E2332}.CrossPlatform|Any CPU.ActiveCfg = Debug|Any CPU
		{A657ACC0-67CC-415E-BD57-E4CFD19E2332}.CrossPlatform|Any CPU.Build.0 = Debug|Any CPU
		{A657ACC0-67CC-415E-BD57-E4CFD19E2332}.Debug|Any CPU.ActiveCfg = Debug|Any CPU
		{A657ACC0-67CC-415E-BD57-E4CFD19E2332}.Debug|Any CPU.Build.0 = Debug|Any CPU
		{A657ACC0-67CC-415E-BD57-E4CFD19E2332}.Release|Any CPU.ActiveCfg = Release|Any CPU
		{A657ACC0-67CC-415E-BD57-E4CFD19E2332}.Release|Any CPU.Build.0 = Release|Any CPU
		{882737FC-7697-4A4C-AAC3-4C76A298B670}.CrossPlatform|Any CPU.ActiveCfg = Debug|Any CPU
		{882737FC-7697-4A4C-AAC3-4C76A298B670}.CrossPlatform|Any CPU.Build.0 = Debug|Any CPU
		{882737FC-7697-4A4C-AAC3-4C76A298B670}.Debug|Any CPU.ActiveCfg = Debug|Any CPU
		{882737FC-7697-4A4C-AAC3-4C76A298B670}.Debug|Any CPU.Build.0 = Debug|Any CPU
		{882737FC-7697-4A4C-AAC3-4C76A298B670}.Release|Any CPU.ActiveCfg = Release|Any CPU
		{882737FC-7697-4A4C-AAC3-4C76A298B670}.Release|Any CPU.Build.0 = Release|Any CPU
		{9FB6B4BA-561E-4BD3-8EB3-342AE353A76D}.CrossPlatform|Any CPU.ActiveCfg = Debug|Any CPU
		{9FB6B4BA-561E-4BD3-8EB3-342AE353A76D}.CrossPlatform|Any CPU.Build.0 = Debug|Any CPU
		{9FB6B4BA-561E-4BD3-8EB3-342AE353A76D}.Debug|Any CPU.ActiveCfg = Debug|Any CPU
		{9FB6B4BA-561E-4BD3-8EB3-342AE353A76D}.Debug|Any CPU.Build.0 = Debug|Any CPU
		{9FB6B4BA-561E-4BD3-8EB3-342AE353A76D}.Release|Any CPU.ActiveCfg = Release|Any CPU
		{9FB6B4BA-561E-4BD3-8EB3-342AE353A76D}.Release|Any CPU.Build.0 = Release|Any CPU
	EndGlobalSection
	GlobalSection(SolutionProperties) = preSolution
		HideSolutionNode = FALSE
	EndGlobalSection
	GlobalSection(NestedProjects) = preSolution
		{26C7E50E-415A-456B-AE97-B642EAD9EC58} = {7FCA58DD-C4A4-48CA-87C8-C07AD8478528}
		{9456C8DD-9748-44AB-9B34-1C8DDA1A4E47} = {7FCA58DD-C4A4-48CA-87C8-C07AD8478528}
		{E56D5B29-5485-4459-94F2-9382E043DADB} = {7FCA58DD-C4A4-48CA-87C8-C07AD8478528}
		{18A4192F-FE36-4881-AE23-613B4BDF64E5} = {92F986F6-6A46-4573-99FC-0FC8F8F031BC}
		{F472F820-2A9C-4FFC-9DD2-A559744B57BB} = {92F986F6-6A46-4573-99FC-0FC8F8F031BC}
		{256D54EC-5A97-43B2-A8E1-07D5932B8566} = {18A4192F-FE36-4881-AE23-613B4BDF64E5}
		{DE6F87ED-389C-4592-9D0B-EF4D329AD3A7} = {18A4192F-FE36-4881-AE23-613B4BDF64E5}
		{A657ACC0-67CC-415E-BD57-E4CFD19E2332} = {18A4192F-FE36-4881-AE23-613B4BDF64E5}
		{882737FC-7697-4A4C-AAC3-4C76A298B670} = {18A4192F-FE36-4881-AE23-613B4BDF64E5}
		{9FB6B4BA-561E-4BD3-8EB3-342AE353A76D} = {18A4192F-FE36-4881-AE23-613B4BDF64E5}
	EndGlobalSection
	GlobalSection(ExtensibilityGlobals) = postSolution
		SolutionGuid = {3877B273-BF10-4451-880E-41192D96426F}
	EndGlobalSection
EndGlobal
